Microsoft Visual Studio Solution File, Format Version 8.00
Project("{FAE04EC0-301F-11D3-BF4B-00C04F79EFBC}") = "Genetic", "Genetic.csproj", "{DD4F9C19-9F1C-44A8-81F3-6CA157DCA1C2}"
	ProjectSection(ProjectDependencies) = postProject
	EndProjectSection
EndProject
Global
	GlobalSection(SolutionConfiguration) = preSolution
		Debug = Debug
		Release = Release
	EndGlobalSection
	GlobalSection(ProjectConfiguration) = postSolution
		{DD4F9C19-9F1C-44A8-81F3-6CA157DCA1C2}.Debug.ActiveCfg = Debug|.NET
		{DD4F9C19-9F1C-44A8-81F3-6CA157DCA1C2}.Debug.Build.0 = Debug|.NET
		{DD4F9C19-9F1C-44A8-81F3-6CA157DCA1C2}.Release.ActiveCfg = Release|.NET
		{DD4F9C19-9F1C-44A8-81F3-6CA157DCA1C2}.Release.Build.0 = Release|.NET
	EndGlobalSection
	GlobalSection(ExtensibilityGlobals) = postSolution
	EndGlobalSection
	GlobalSection(ExtensibilityAddIns) = postSolution
	EndGlobalSection
EndGlobal
