Microsoft Visual Studio Solution File, Format Version 8.00
Project("{FAE04EC0-301F-11D3-BF4B-00C04F79EFBC}") = "TSP", "TSP.csproj", "{DEC346FD-C496-4B3E-A0E9-60AE011E3C49}"
	ProjectSection(ProjectDependencies) = postProject
	EndProjectSection
EndProject
Global
	GlobalSection(SolutionConfiguration) = preSolution
		Debug = Debug
		Release = Release
	EndGlobalSection
	GlobalSection(ProjectConfiguration) = postSolution
		{DEC346FD-C496-4B3E-A0E9-60AE011E3C49}.Debug.ActiveCfg = Debug|.NET
		{DEC346FD-C496-4B3E-A0E9-60AE011E3C49}.Debug.Build.0 = Debug|.NET
		{DEC346FD-C496-4B3E-A0E9-60AE011E3C49}.Release.ActiveCfg = Release|.NET
		{DEC346FD-C496-4B3E-A0E9-60AE011E3C49}.Release.Build.0 = Release|.NET
	EndGlobalSection
	GlobalSection(ExtensibilityGlobals) = postSolution
	EndGlobalSection
	GlobalSection(ExtensibilityAddIns) = postSolution
	EndGlobalSection
EndGlobal
