Microsoft Visual Studio Solution File, Format Version 8.00
Project("{FAE04EC0-301F-11D3-BF4B-00C04F79EFBC}") = "TimeSeries", "TimeSeries.csproj", "{2DEF9F9D-DED2-4572-881D-6E018AEE957F}"
	ProjectSection(ProjectDependencies) = postProject
	EndProjectSection
EndProject
Global
	GlobalSection(SolutionConfiguration) = preSolution
		Debug = Debug
		Release = Release
	EndGlobalSection
	GlobalSection(ProjectConfiguration) = postSolution
		{2DEF9F9D-DED2-4572-881D-6E018AEE957F}.Debug.ActiveCfg = Debug|.NET
		{2DEF9F9D-DED2-4572-881D-6E018AEE957F}.Debug.Build.0 = Debug|.NET
		{2DEF9F9D-DED2-4572-881D-6E018AEE957F}.Release.ActiveCfg = Release|.NET
		{2DEF9F9D-DED2-4572-881D-6E018AEE957F}.Release.Build.0 = Release|.NET
	EndGlobalSection
	GlobalSection(ExtensibilityGlobals) = postSolution
	EndGlobalSection
	GlobalSection(ExtensibilityAddIns) = postSolution
	EndGlobalSection
EndGlobal
