Microsoft Visual Studio Solution File, Format Version 9.00
# Visual C# Express 2005
Project("{FAE04EC0-301F-11D3-BF4B-00C04F79EFBC}") = "Core", "Core\Core.csproj", "{BFAF50DC-4942-46B8-8615-2A0B4CF08AD2}"
EndProject
Project("{FAE04EC0-301F-11D3-BF4B-00C04F79EFBC}") = "Genetic", "Genetic\Genetic.csproj", "{DD4F9C19-9F1C-44A8-81F3-6CA157DCA1C2}"
	ProjectSection(ProjectDependencies) = postProject
		{BFAF50DC-4942-46B8-8615-2A0B4CF08AD2} = {BFAF50DC-4942-46B8-8615-2A0B4CF08AD2}
	EndProjectSection
EndProject
Project("{FAE04EC0-301F-11D3-BF4B-00C04F79EFBC}") = "Neuro", "Neuro\Neuro.csproj", "{53B51230-2CD7-435B-8677-A3E24D134CD8}"
	ProjectSection(ProjectDependencies) = postProject
		{BFAF50DC-4942-46B8-8615-2A0B4CF08AD2} = {BFAF50DC-4942-46B8-8615-2A0B4CF08AD2}
	EndProjectSection
EndProject
Project("{FAE04EC0-301F-11D3-BF4B-00C04F79EFBC}") = "Imaging", "Imaging\Imaging.csproj", "{AF802E16-573E-4748-AE76-E2A4FDC74179}"
	ProjectSection(ProjectDependencies) = postProject
		{BFAF50DC-4942-46B8-8615-2A0B4CF08AD2} = {BFAF50DC-4942-46B8-8615-2A0B4CF08AD2}
		{435E98DC-6780-4EA7-8D04-5B9337A10787} = {435E98DC-6780-4EA7-8D04-5B9337A10787}
	EndProjectSection
EndProject
Project("{FAE04EC0-301F-11D3-BF4B-00C04F79EFBC}") = "Math", "Math\Math.csproj", "{435E98DC-6780-4EA7-8D04-5B9337A10787}"
	ProjectSection(ProjectDependencies) = postProject
		{BFAF50DC-4942-46B8-8615-2A0B4CF08AD2} = {BFAF50DC-4942-46B8-8615-2A0B4CF08AD2}
	EndProjectSection
EndProject
Project("{FAE04EC0-301F-11D3-BF4B-00C04F79EFBC}") = "MachineLearning", "MachineLearning\MachineLearning.csproj", "{4F1727D3-AEAB-42BB-ADC1-8EBD70B50AD7}"
EndProject
Global
	GlobalSection(SolutionConfigurationPlatforms) = preSolution
		Debug|Any CPU = Debug|Any CPU
		Release|Any CPU = Release|Any CPU
	EndGlobalSection
	GlobalSection(ProjectConfigurationPlatforms) = postSolution
		{BFAF50DC-4942-46B8-8615-2A0B4CF08AD2}.Debug|Any CPU.ActiveCfg = Debug|Any CPU
		{BFAF50DC-4942-46B8-8615-2A0B4CF08AD2}.Debug|Any CPU.Build.0 = Debug|Any CPU
		{BFAF50DC-4942-46B8-8615-2A0B4CF08AD2}.Release|Any CPU.ActiveCfg = Release|Any CPU
		{BFAF50DC-4942-46B8-8615-2A0B4CF08AD2}.Release|Any CPU.Build.0 = Release|Any CPU
		{DD4F9C19-9F1C-44A8-81F3-6CA157DCA1C2}.Debug|Any CPU.ActiveCfg = Debug|Any CPU
		{DD4F9C19-9F1C-44A8-81F3-6CA157DCA1C2}.Debug|Any CPU.Build.0 = Debug|Any CPU
		{DD4F9C19-9F1C-44A8-81F3-6CA157DCA1C2}.Release|Any CPU.ActiveCfg = Release|Any CPU
		{DD4F9C19-9F1C-44A8-81F3-6CA157DCA1C2}.Release|Any CPU.Build.0 = Release|Any CPU
		{53B51230-2CD7-435B-8677-A3E24D134CD8}.Debug|Any CPU.ActiveCfg = Debug|Any CPU
		{53B51230-2CD7-435B-8677-A3E24D134CD8}.Debug|Any CPU.Build.0 = Debug|Any CPU
		{53B51230-2CD7-435B-8677-A3E24D134CD8}.Release|Any CPU.ActiveCfg = Release|Any CPU
		{53B51230-2CD7-435B-8677-A3E24D134CD8}.Release|Any CPU.Build.0 = Release|Any CPU
		{AF802E16-573E-4748-AE76-E2A4FDC74179}.Debug|Any CPU.ActiveCfg = Debug|Any CPU
		{AF802E16-573E-4748-AE76-E2A4FDC74179}.Debug|Any CPU.Build.0 = Debug|Any CPU
		{AF802E16-573E-4748-AE76-E2A4FDC74179}.Release|Any CPU.ActiveCfg = Release|Any CPU
		{AF802E16-573E-4748-AE76-E2A4FDC74179}.Release|Any CPU.Build.0 = Release|Any CPU
		{435E98DC-6780-4EA7-8D04-5B9337A10787}.Debug|Any CPU.ActiveCfg = Debug|Any CPU
		{435E98DC-6780-4EA7-8D04-5B9337A10787}.Debug|Any CPU.Build.0 = Debug|Any CPU
		{435E98DC-6780-4EA7-8D04-5B9337A10787}.Release|Any CPU.ActiveCfg = Release|Any CPU
		{435E98DC-6780-4EA7-8D04-5B9337A10787}.Release|Any CPU.Build.0 = Release|Any CPU
		{4F1727D3-AEAB-42BB-ADC1-8EBD70B50AD7}.Debug|Any CPU.ActiveCfg = Debug|Any CPU
		{4F1727D3-AEAB-42BB-ADC1-8EBD70B50AD7}.Debug|Any CPU.Build.0 = Debug|Any CPU
		{4F1727D3-AEAB-42BB-ADC1-8EBD70B50AD7}.Release|Any CPU.ActiveCfg = Release|Any CPU
		{4F1727D3-AEAB-42BB-ADC1-8EBD70B50AD7}.Release|Any CPU.Build.0 = Release|Any CPU
	EndGlobalSection
	GlobalSection(SolutionProperties) = preSolution
		HideSolutionNode = FALSE
	EndGlobalSection
EndGlobal
