
Microsoft Visual Studio Solution File, Format Version 12.00
# Visual Studio 2013
VisualStudioVersion = 12.0.30110.0
MinimumVisualStudioVersion = 10.0.40219.1
Project("{FAE04EC0-301F-11D3-BF4B-00C04F79EFBC}") = "Portable.Core", "Core\Portable.Core.csproj", "{D4354D92-07CF-4F27-BD68-69347CF5AA3F}"
EndProject
Project("{FAE04EC0-301F-11D3-BF4B-00C04F79EFBC}") = "Portable.Math", "Math\Portable.Math.csproj", "{D99E9BD6-3DB6-445B-BF5A-FD9830BFB4FA}"
EndProject
Project("{FAE04EC0-301F-11D3-BF4B-00C04F79EFBC}") = "Portable.Genetic", "Genetic\Portable.Genetic.csproj", "{3D4BC1CD-65E2-4129-8751-547727EE1D51}"
EndProject
Project("{FAE04EC0-301F-11D3-BF4B-00C04F79EFBC}") = "Portable.Fuzzy", "Fuzzy\Portable.Fuzzy.csproj", "{6AA33280-C446-4363-9A19-73472F520EB5}"
EndProject
Project("{FAE04EC0-301F-11D3-BF4B-00C04F79EFBC}") = "Portable.Neuro", "Neuro\Portable.Neuro.csproj", "{E37EBFAF-5DC0-415C-9C1A-8A5A808A3DDF}"
EndProject
Project("{FAE04EC0-301F-11D3-BF4B-00C04F79EFBC}") = "Portable.MachineLearning", "MachineLearning\Portable.MachineLearning.csproj", "{BA19A864-936C-487D-97DF-87E3AC66795F}"
EndProject
Project("{2150E333-8FDC-42A3-9474-1A3956D46DE8}") = "System", "System", "{CC637069-50E1-47C4-A561-637DF5586129}"
EndProject
Project("{2150E333-8FDC-42A3-9474-1A3956D46DE8}") = "System.Drawing", "System.Drawing", "{BAC0CE2F-5E18-46BA-A2E5-5C26B3EE5D82}"
EndProject
Project("{FAE04EC0-301F-11D3-BF4B-00C04F79EFBC}") = "Portable.System", "System\Portable.System.csproj", "{A60B1E41-53AB-4777-8B2C-4F2D91DD864F}"
EndProject
Project("{FAE04EC0-301F-11D3-BF4B-00C04F79EFBC}") = "Net.System", "System\_Net\Net.System.csproj", "{816E086D-DA84-4997-8BD9-448C92A1514F}"
EndProject
Project("{FAE04EC0-301F-11D3-BF4B-00C04F79EFBC}") = "Store.System", "System\_Store\Store.System.csproj", "{AB25D53A-A1C1-4815-9CC8-15012FB7E416}"
EndProject
Project("{FAE04EC0-301F-11D3-BF4B-00C04F79EFBC}") = "Phone.System", "System\_Phone\Phone.System.csproj", "{8A8A3EC5-94B0-4579-9C09-C4DD6431F958}"
EndProject
Project("{FAE04EC0-301F-11D3-BF4B-00C04F79EFBC}") = "Portable.System.Drawing", "System.Drawing\Portable.System.Drawing.csproj", "{995CFA14-7F81-457D-BEB4-52FB5712A3BB}"
EndProject
Project("{FAE04EC0-301F-11D3-BF4B-00C04F79EFBC}") = "Store.System.Drawing", "System.Drawing\_Store\Store.System.Drawing.csproj", "{6CC5EBC7-9589-4807-A909-24B9957C1D4D}"
EndProject
Project("{FAE04EC0-301F-11D3-BF4B-00C04F79EFBC}") = "Portable.Imaging", "Imaging\Portable.Imaging.csproj", "{0A22690C-9553-4B11-9835-8C0F0E2D44F1}"
EndProject
Project("{FAE04EC0-301F-11D3-BF4B-00C04F79EFBC}") = "Portable.Imaging.Formats", "Imaging.Formats\Portable.Imaging.Formats.csproj", "{7F42B579-C584-4206-84F5-C787EE7AAF8D}"
EndProject
Project("{FAE04EC0-301F-11D3-BF4B-00C04F79EFBC}") = "Portable.Vision", "Vision\Portable.Vision.csproj", "{830A6007-4064-4B66-BD7E-CEA1EE0F7C35}"
EndProject
Project("{FAE04EC0-301F-11D3-BF4B-00C04F79EFBC}") = "WPF.System.Drawing", "System.Drawing\_WPF\WPF.System.Drawing.csproj", "{D1963A68-8848-4B70-9141-3EBB4CB6AF34}"
EndProject
Project("{FAE04EC0-301F-11D3-BF4B-00C04F79EFBC}") = "Phone.System.Drawing", "System.Drawing\_Phone\Phone.System.Drawing.csproj", "{63C3A1DB-BF0B-41B7-ABC4-C3FD321E8B31}"
EndProject
Project("{FAE04EC0-301F-11D3-BF4B-00C04F79EFBC}") = "Portable.Video", "Video\Portable.Video.csproj", "{2674E3DB-032C-4804-9F84-A715C490D10B}"
EndProject
Global
	GlobalSection(SolutionConfigurationPlatforms) = preSolution
		Debug|Any CPU = Debug|Any CPU
		Release|Any CPU = Release|Any CPU
	EndGlobalSection
	GlobalSection(ProjectConfigurationPlatforms) = postSolution
		{D4354D92-07CF-4F27-BD68-69347CF5AA3F}.Debug|Any CPU.ActiveCfg = Debug|Any CPU
		{D4354D92-07CF-4F27-BD68-69347CF5AA3F}.Debug|Any CPU.Build.0 = Debug|Any CPU
		{D4354D92-07CF-4F27-BD68-69347CF5AA3F}.Release|Any CPU.ActiveCfg = Release|Any CPU
		{D4354D92-07CF-4F27-BD68-69347CF5AA3F}.Release|Any CPU.Build.0 = Release|Any CPU
		{D99E9BD6-3DB6-445B-BF5A-FD9830BFB4FA}.Debug|Any CPU.ActiveCfg = Debug|Any CPU
		{D99E9BD6-3DB6-445B-BF5A-FD9830BFB4FA}.Debug|Any CPU.Build.0 = Debug|Any CPU
		{D99E9BD6-3DB6-445B-BF5A-FD9830BFB4FA}.Release|Any CPU.ActiveCfg = Release|Any CPU
		{D99E9BD6-3DB6-445B-BF5A-FD9830BFB4FA}.Release|Any CPU.Build.0 = Release|Any CPU
		{3D4BC1CD-65E2-4129-8751-547727EE1D51}.Debug|Any CPU.ActiveCfg = Debug|Any CPU
		{3D4BC1CD-65E2-4129-8751-547727EE1D51}.Debug|Any CPU.Build.0 = Debug|Any CPU
		{3D4BC1CD-65E2-4129-8751-547727EE1D51}.Release|Any CPU.ActiveCfg = Release|Any CPU
		{3D4BC1CD-65E2-4129-8751-547727EE1D51}.Release|Any CPU.Build.0 = Release|Any CPU
		{6AA33280-C446-4363-9A19-73472F520EB5}.Debug|Any CPU.ActiveCfg = Debug|Any CPU
		{6AA33280-C446-4363-9A19-73472F520EB5}.Debug|Any CPU.Build.0 = Debug|Any CPU
		{6AA33280-C446-4363-9A19-73472F520EB5}.Release|Any CPU.ActiveCfg = Release|Any CPU
		{6AA33280-C446-4363-9A19-73472F520EB5}.Release|Any CPU.Build.0 = Release|Any CPU
		{E37EBFAF-5DC0-415C-9C1A-8A5A808A3DDF}.Debug|Any CPU.ActiveCfg = Debug|Any CPU
		{E37EBFAF-5DC0-415C-9C1A-8A5A808A3DDF}.Debug|Any CPU.Build.0 = Debug|Any CPU
		{E37EBFAF-5DC0-415C-9C1A-8A5A808A3DDF}.Release|Any CPU.ActiveCfg = Release|Any CPU
		{E37EBFAF-5DC0-415C-9C1A-8A5A808A3DDF}.Release|Any CPU.Build.0 = Release|Any CPU
		{BA19A864-936C-487D-97DF-87E3AC66795F}.Debug|Any CPU.ActiveCfg = Debug|Any CPU
		{BA19A864-936C-487D-97DF-87E3AC66795F}.Debug|Any CPU.Build.0 = Debug|Any CPU
		{BA19A864-936C-487D-97DF-87E3AC66795F}.Release|Any CPU.ActiveCfg = Release|Any CPU
		{BA19A864-936C-487D-97DF-87E3AC66795F}.Release|Any CPU.Build.0 = Release|Any CPU
		{A60B1E41-53AB-4777-8B2C-4F2D91DD864F}.Debug|Any CPU.ActiveCfg = Debug|Any CPU
		{A60B1E41-53AB-4777-8B2C-4F2D91DD864F}.Debug|Any CPU.Build.0 = Debug|Any CPU
		{A60B1E41-53AB-4777-8B2C-4F2D91DD864F}.Release|Any CPU.ActiveCfg = Release|Any CPU
		{A60B1E41-53AB-4777-8B2C-4F2D91DD864F}.Release|Any CPU.Build.0 = Release|Any CPU
		{816E086D-DA84-4997-8BD9-448C92A1514F}.Debug|Any CPU.ActiveCfg = Debug|Any CPU
		{816E086D-DA84-4997-8BD9-448C92A1514F}.Debug|Any CPU.Build.0 = Debug|Any CPU
		{816E086D-DA84-4997-8BD9-448C92A1514F}.Release|Any CPU.ActiveCfg = Release|Any CPU
		{816E086D-DA84-4997-8BD9-448C92A1514F}.Release|Any CPU.Build.0 = Release|Any CPU
		{AB25D53A-A1C1-4815-9CC8-15012FB7E416}.Debug|Any CPU.ActiveCfg = Debug|Any CPU
		{AB25D53A-A1C1-4815-9CC8-15012FB7E416}.Debug|Any CPU.Build.0 = Debug|Any CPU
		{AB25D53A-A1C1-4815-9CC8-15012FB7E416}.Release|Any CPU.ActiveCfg = Release|Any CPU
		{AB25D53A-A1C1-4815-9CC8-15012FB7E416}.Release|Any CPU.Build.0 = Release|Any CPU
		{8A8A3EC5-94B0-4579-9C09-C4DD6431F958}.Debug|Any CPU.ActiveCfg = Debug|Any CPU
		{8A8A3EC5-94B0-4579-9C09-C4DD6431F958}.Debug|Any CPU.Build.0 = Debug|Any CPU
		{8A8A3EC5-94B0-4579-9C09-C4DD6431F958}.Release|Any CPU.ActiveCfg = Release|Any CPU
		{8A8A3EC5-94B0-4579-9C09-C4DD6431F958}.Release|Any CPU.Build.0 = Release|Any CPU
		{995CFA14-7F81-457D-BEB4-52FB5712A3BB}.Debug|Any CPU.ActiveCfg = Debug|Any CPU
		{995CFA14-7F81-457D-BEB4-52FB5712A3BB}.Debug|Any CPU.Build.0 = Debug|Any CPU
		{995CFA14-7F81-457D-BEB4-52FB5712A3BB}.Release|Any CPU.ActiveCfg = Release|Any CPU
		{995CFA14-7F81-457D-BEB4-52FB5712A3BB}.Release|Any CPU.Build.0 = Release|Any CPU
		{6CC5EBC7-9589-4807-A909-24B9957C1D4D}.Debug|Any CPU.ActiveCfg = Debug|Any CPU
		{6CC5EBC7-9589-4807-A909-24B9957C1D4D}.Debug|Any CPU.Build.0 = Debug|Any CPU
		{6CC5EBC7-9589-4807-A909-24B9957C1D4D}.Release|Any CPU.ActiveCfg = Release|Any CPU
		{6CC5EBC7-9589-4807-A909-24B9957C1D4D}.Release|Any CPU.Build.0 = Release|Any CPU
		{0A22690C-9553-4B11-9835-8C0F0E2D44F1}.Debug|Any CPU.ActiveCfg = Debug|Any CPU
		{0A22690C-9553-4B11-9835-8C0F0E2D44F1}.Debug|Any CPU.Build.0 = Debug|Any CPU
		{0A22690C-9553-4B11-9835-8C0F0E2D44F1}.Release|Any CPU.ActiveCfg = Release|Any CPU
		{0A22690C-9553-4B11-9835-8C0F0E2D44F1}.Release|Any CPU.Build.0 = Release|Any CPU
		{7F42B579-C584-4206-84F5-C787EE7AAF8D}.Debug|Any CPU.ActiveCfg = Debug|Any CPU
		{7F42B579-C584-4206-84F5-C787EE7AAF8D}.Debug|Any CPU.Build.0 = Debug|Any CPU
		{7F42B579-C584-4206-84F5-C787EE7AAF8D}.Release|Any CPU.ActiveCfg = Release|Any CPU
		{7F42B579-C584-4206-84F5-C787EE7AAF8D}.Release|Any CPU.Build.0 = Release|Any CPU
		{830A6007-4064-4B66-BD7E-CEA1EE0F7C35}.Debug|Any CPU.ActiveCfg = Debug|Any CPU
		{830A6007-4064-4B66-BD7E-CEA1EE0F7C35}.Debug|Any CPU.Build.0 = Debug|Any CPU
		{830A6007-4064-4B66-BD7E-CEA1EE0F7C35}.Release|Any CPU.ActiveCfg = Release|Any CPU
		{830A6007-4064-4B66-BD7E-CEA1EE0F7C35}.Release|Any CPU.Build.0 = Release|Any CPU
		{D1963A68-8848-4B70-9141-3EBB4CB6AF34}.Debug|Any CPU.ActiveCfg = Debug|Any CPU
		{D1963A68-8848-4B70-9141-3EBB4CB6AF34}.Debug|Any CPU.Build.0 = Debug|Any CPU
		{D1963A68-8848-4B70-9141-3EBB4CB6AF34}.Release|Any CPU.ActiveCfg = Release|Any CPU
		{D1963A68-8848-4B70-9141-3EBB4CB6AF34}.Release|Any CPU.Build.0 = Release|Any CPU
		{63C3A1DB-BF0B-41B7-ABC4-C3FD321E8B31}.Debug|Any CPU.ActiveCfg = Debug|Any CPU
		{63C3A1DB-BF0B-41B7-ABC4-C3FD321E8B31}.Debug|Any CPU.Build.0 = Debug|Any CPU
		{63C3A1DB-BF0B-41B7-ABC4-C3FD321E8B31}.Release|Any CPU.ActiveCfg = Release|Any CPU
		{63C3A1DB-BF0B-41B7-ABC4-C3FD321E8B31}.Release|Any CPU.Build.0 = Release|Any CPU
		{2674E3DB-032C-4804-9F84-A715C490D10B}.Debug|Any CPU.ActiveCfg = Debug|Any CPU
		{2674E3DB-032C-4804-9F84-A715C490D10B}.Debug|Any CPU.Build.0 = Debug|Any CPU
		{2674E3DB-032C-4804-9F84-A715C490D10B}.Release|Any CPU.ActiveCfg = Release|Any CPU
		{2674E3DB-032C-4804-9F84-A715C490D10B}.Release|Any CPU.Build.0 = Release|Any CPU
	EndGlobalSection
	GlobalSection(SolutionProperties) = preSolution
		HideSolutionNode = FALSE
	EndGlobalSection
	GlobalSection(NestedProjects) = preSolution
		{A60B1E41-53AB-4777-8B2C-4F2D91DD864F} = {CC637069-50E1-47C4-A561-637DF5586129}
		{816E086D-DA84-4997-8BD9-448C92A1514F} = {CC637069-50E1-47C4-A561-637DF5586129}
		{AB25D53A-A1C1-4815-9CC8-15012FB7E416} = {CC637069-50E1-47C4-A561-637DF5586129}
		{8A8A3EC5-94B0-4579-9C09-C4DD6431F958} = {CC637069-50E1-47C4-A561-637DF5586129}
		{995CFA14-7F81-457D-BEB4-52FB5712A3BB} = {BAC0CE2F-5E18-46BA-A2E5-5C26B3EE5D82}
		{6CC5EBC7-9589-4807-A909-24B9957C1D4D} = {BAC0CE2F-5E18-46BA-A2E5-5C26B3EE5D82}
		{D1963A68-8848-4B70-9141-3EBB4CB6AF34} = {BAC0CE2F-5E18-46BA-A2E5-5C26B3EE5D82}
		{63C3A1DB-BF0B-41B7-ABC4-C3FD321E8B31} = {BAC0CE2F-5E18-46BA-A2E5-5C26B3EE5D82}
	EndGlobalSection
EndGlobal
