
Microsoft Visual Studio Solution File, Format Version 12.00
# Visual Studio 2013
VisualStudioVersion = 12.0.31101.0
MinimumVisualStudioVersion = 10.0.40219.1
Project("{FAE04EC0-301F-11D3-BF4B-00C04F79EFBC}") = "Portable.Core", "Core\Portable.Core.csproj", "{D4354D92-07CF-4F27-BD68-69347CF5AA3F}"
EndProject
Project("{FAE04EC0-301F-11D3-BF4B-00C04F79EFBC}") = "Portable.Math", "Math\Portable.Math.csproj", "{D99E9BD6-3DB6-445B-BF5A-FD9830BFB4FA}"
EndProject
Project("{FAE04EC0-301F-11D3-BF4B-00C04F79EFBC}") = "Portable.Genetic", "Genetic\Portable.Genetic.csproj", "{3D4BC1CD-65E2-4129-8751-547727EE1D51}"
EndProject
Project("{FAE04EC0-301F-11D3-BF4B-00C04F79EFBC}") = "Portable.Fuzzy", "Fuzzy\Portable.Fuzzy.csproj", "{6AA33280-C446-4363-9A19-73472F520EB5}"
EndProject
Project("{FAE04EC0-301F-11D3-BF4B-00C04F79EFBC}") = "Portable.Neuro", "Neuro\Portable.Neuro.csproj", "{E37EBFAF-5DC0-415C-9C1A-8A5A808A3DDF}"
EndProject
Project("{FAE04EC0-301F-11D3-BF4B-00C04F79EFBC}") = "Portable.MachineLearning", "MachineLearning\Portable.MachineLearning.csproj", "{BA19A864-936C-487D-97DF-87E3AC66795F}"
EndProject
Project("{2150E333-8FDC-42A3-9474-1A3956D46DE8}") = "Shim.Drawing", "Shim.Drawing", "{BAC0CE2F-5E18-46BA-A2E5-5C26B3EE5D82}"
EndProject
Project("{FAE04EC0-301F-11D3-BF4B-00C04F79EFBC}") = "Portable.Shim.Drawing", "System.Drawing\Portable.Shim.Drawing.csproj", "{995CFA14-7F81-457D-BEB4-52FB5712A3BB}"
EndProject
Project("{FAE04EC0-301F-11D3-BF4B-00C04F79EFBC}") = "Portable.Imaging", "Imaging\Portable.Imaging.csproj", "{0A22690C-9553-4B11-9835-8C0F0E2D44F1}"
EndProject
Project("{FAE04EC0-301F-11D3-BF4B-00C04F79EFBC}") = "Portable.Imaging.Formats", "Imaging.Formats\Portable.Imaging.Formats.csproj", "{7F42B579-C584-4206-84F5-C787EE7AAF8D}"
EndProject
Project("{FAE04EC0-301F-11D3-BF4B-00C04F79EFBC}") = "Portable.Vision", "Vision\Portable.Vision.csproj", "{830A6007-4064-4B66-BD7E-CEA1EE0F7C35}"
EndProject
Project("{FAE04EC0-301F-11D3-BF4B-00C04F79EFBC}") = "WPF.Shim.Drawing", "System.Drawing\_WPF\WPF.Shim.Drawing.csproj", "{D1963A68-8848-4B70-9141-3EBB4CB6AF34}"
EndProject
Project("{FAE04EC0-301F-11D3-BF4B-00C04F79EFBC}") = "Portable.Video", "Video\Portable.Video.csproj", "{2674E3DB-032C-4804-9F84-A715C490D10B}"
EndProject
Project("{2150E333-8FDC-42A3-9474-1A3956D46DE8}") = "Unit Tests", "Unit Tests", "{2138CACD-C4F2-4AB7-A0A4-F7FF269270D9}"
EndProject
Project("{FAE04EC0-301F-11D3-BF4B-00C04F79EFBC}") = "AForge.Tests", "..\Unit Tests\AForge.Tests\AForge.Tests.csproj", "{72B5500A-624D-4590-8C85-4318EFB57D76}"
EndProject
Project("{2150E333-8FDC-42A3-9474-1A3956D46DE8}") = ".nuget", ".nuget", "{58098B51-30F6-4CB0-ACA2-51A1F3F76F03}"
	ProjectSection(SolutionItems) = preProject
		.nuget\NuGet.Config = .nuget\NuGet.Config
		.nuget\NuGet.exe = .nuget\NuGet.exe
		.nuget\NuGet.targets = .nuget\NuGet.targets
	EndProjectSection
EndProject
Project("{FAE04EC0-301F-11D3-BF4B-00C04F79EFBC}") = "AForge.Math.Tests", "..\Unit Tests\AForge.Math.Tests\AForge.Math.Tests.csproj", "{8CE6D122-788B-47C3-8749-15FD584C26F6}"
EndProject
Project("{FAE04EC0-301F-11D3-BF4B-00C04F79EFBC}") = "AForge.Imaging.Tests", "..\Unit Tests\AForge.Imaging.Tests\AForge.Imaging.Tests.csproj", "{539229BC-D68C-4FF0-84BC-904A90ECEBE0}"
EndProject
Project("{2150E333-8FDC-42A3-9474-1A3956D46DE8}") = "Core", "Core", "{3EF8B5DA-35BB-4065-973B-999D5BE90B1F}"
EndProject
Project("{FAE04EC0-301F-11D3-BF4B-00C04F79EFBC}") = "Universal.Core", "Core\_Universal\Universal.Core.csproj", "{F040C06B-0A02-4A06-B5E3-25C844E74B91}"
EndProject
Project("{FAE04EC0-301F-11D3-BF4B-00C04F79EFBC}") = "Net.Core", "Core\_Net\Net.Core.csproj", "{A7CD452F-E850-4AA4-8F6B-FC313E8488B3}"
EndProject
Project("{2150E333-8FDC-42A3-9474-1A3956D46DE8}") = "Solution Items", "Solution Items", "{44291D50-61FD-48DD-95A1-972BC88D6BDC}"
	ProjectSection(SolutionItems) = preProject
		..\NuGet\portable.aforge.core.nuspec = ..\NuGet\portable.aforge.core.nuspec
		..\NuGet\portable.aforge.fuzzy.nuspec = ..\NuGet\portable.aforge.fuzzy.nuspec
		..\NuGet\portable.aforge.genetic.nuspec = ..\NuGet\portable.aforge.genetic.nuspec
		..\NuGet\portable.aforge.imaging.formats.nuspec = ..\NuGet\portable.aforge.imaging.formats.nuspec
		..\NuGet\portable.aforge.imaging.nuspec = ..\NuGet\portable.aforge.imaging.nuspec
		..\NuGet\portable.aforge.machinelearning.nuspec = ..\NuGet\portable.aforge.machinelearning.nuspec
		..\NuGet\portable.aforge.math.nuspec = ..\NuGet\portable.aforge.math.nuspec
		..\NuGet\portable.aforge.neuro.nuspec = ..\NuGet\portable.aforge.neuro.nuspec
		..\NuGet\portable.aforge.vision.nuspec = ..\NuGet\portable.aforge.vision.nuspec
		..\README.md = ..\README.md
	EndProjectSection
EndProject
Global
	GlobalSection(SolutionConfigurationPlatforms) = preSolution
		Debug|Any CPU = Debug|Any CPU
		Release|Any CPU = Release|Any CPU
	EndGlobalSection
	GlobalSection(ProjectConfigurationPlatforms) = postSolution
		{D4354D92-07CF-4F27-BD68-69347CF5AA3F}.Debug|Any CPU.ActiveCfg = Debug|Any CPU
		{D4354D92-07CF-4F27-BD68-69347CF5AA3F}.Debug|Any CPU.Build.0 = Debug|Any CPU
		{D4354D92-07CF-4F27-BD68-69347CF5AA3F}.Release|Any CPU.ActiveCfg = Release|Any CPU
		{D4354D92-07CF-4F27-BD68-69347CF5AA3F}.Release|Any CPU.Build.0 = Release|Any CPU
		{D99E9BD6-3DB6-445B-BF5A-FD9830BFB4FA}.Debug|Any CPU.ActiveCfg = Debug|Any CPU
		{D99E9BD6-3DB6-445B-BF5A-FD9830BFB4FA}.Debug|Any CPU.Build.0 = Debug|Any CPU
		{D99E9BD6-3DB6-445B-BF5A-FD9830BFB4FA}.Release|Any CPU.ActiveCfg = Release|Any CPU
		{D99E9BD6-3DB6-445B-BF5A-FD9830BFB4FA}.Release|Any CPU.Build.0 = Release|Any CPU
		{3D4BC1CD-65E2-4129-8751-547727EE1D51}.Debug|Any CPU.ActiveCfg = Debug|Any CPU
		{3D4BC1CD-65E2-4129-8751-547727EE1D51}.Debug|Any CPU.Build.0 = Debug|Any CPU
		{3D4BC1CD-65E2-4129-8751-547727EE1D51}.Release|Any CPU.ActiveCfg = Release|Any CPU
		{3D4BC1CD-65E2-4129-8751-547727EE1D51}.Release|Any CPU.Build.0 = Release|Any CPU
		{6AA33280-C446-4363-9A19-73472F520EB5}.Debug|Any CPU.ActiveCfg = Debug|Any CPU
		{6AA33280-C446-4363-9A19-73472F520EB5}.Debug|Any CPU.Build.0 = Debug|Any CPU
		{6AA33280-C446-4363-9A19-73472F520EB5}.Release|Any CPU.ActiveCfg = Release|Any CPU
		{6AA33280-C446-4363-9A19-73472F520EB5}.Release|Any CPU.Build.0 = Release|Any CPU
		{E37EBFAF-5DC0-415C-9C1A-8A5A808A3DDF}.Debug|Any CPU.ActiveCfg = Debug|Any CPU
		{E37EBFAF-5DC0-415C-9C1A-8A5A808A3DDF}.Debug|Any CPU.Build.0 = Debug|Any CPU
		{E37EBFAF-5DC0-415C-9C1A-8A5A808A3DDF}.Release|Any CPU.ActiveCfg = Release|Any CPU
		{E37EBFAF-5DC0-415C-9C1A-8A5A808A3DDF}.Release|Any CPU.Build.0 = Release|Any CPU
		{BA19A864-936C-487D-97DF-87E3AC66795F}.Debug|Any CPU.ActiveCfg = Debug|Any CPU
		{BA19A864-936C-487D-97DF-87E3AC66795F}.Debug|Any CPU.Build.0 = Debug|Any CPU
		{BA19A864-936C-487D-97DF-87E3AC66795F}.Release|Any CPU.ActiveCfg = Release|Any CPU
		{BA19A864-936C-487D-97DF-87E3AC66795F}.Release|Any CPU.Build.0 = Release|Any CPU
		{995CFA14-7F81-457D-BEB4-52FB5712A3BB}.Debug|Any CPU.ActiveCfg = Debug|Any CPU
		{995CFA14-7F81-457D-BEB4-52FB5712A3BB}.Debug|Any CPU.Build.0 = Debug|Any CPU
		{995CFA14-7F81-457D-BEB4-52FB5712A3BB}.Release|Any CPU.ActiveCfg = Release|Any CPU
		{995CFA14-7F81-457D-BEB4-52FB5712A3BB}.Release|Any CPU.Build.0 = Release|Any CPU
		{0A22690C-9553-4B11-9835-8C0F0E2D44F1}.Debug|Any CPU.ActiveCfg = Debug|Any CPU
		{0A22690C-9553-4B11-9835-8C0F0E2D44F1}.Debug|Any CPU.Build.0 = Debug|Any CPU
		{0A22690C-9553-4B11-9835-8C0F0E2D44F1}.Release|Any CPU.ActiveCfg = Release|Any CPU
		{0A22690C-9553-4B11-9835-8C0F0E2D44F1}.Release|Any CPU.Build.0 = Release|Any CPU
		{7F42B579-C584-4206-84F5-C787EE7AAF8D}.Debug|Any CPU.ActiveCfg = Debug|Any CPU
		{7F42B579-C584-4206-84F5-C787EE7AAF8D}.Debug|Any CPU.Build.0 = Debug|Any CPU
		{7F42B579-C584-4206-84F5-C787EE7AAF8D}.Release|Any CPU.ActiveCfg = Release|Any CPU
		{7F42B579-C584-4206-84F5-C787EE7AAF8D}.Release|Any CPU.Build.0 = Release|Any CPU
		{830A6007-4064-4B66-BD7E-CEA1EE0F7C35}.Debug|Any CPU.ActiveCfg = Debug|Any CPU
		{830A6007-4064-4B66-BD7E-CEA1EE0F7C35}.Debug|Any CPU.Build.0 = Debug|Any CPU
		{830A6007-4064-4B66-BD7E-CEA1EE0F7C35}.Release|Any CPU.ActiveCfg = Release|Any CPU
		{830A6007-4064-4B66-BD7E-CEA1EE0F7C35}.Release|Any CPU.Build.0 = Release|Any CPU
		{D1963A68-8848-4B70-9141-3EBB4CB6AF34}.Debug|Any CPU.ActiveCfg = Debug|Any CPU
		{D1963A68-8848-4B70-9141-3EBB4CB6AF34}.Debug|Any CPU.Build.0 = Debug|Any CPU
		{D1963A68-8848-4B70-9141-3EBB4CB6AF34}.Release|Any CPU.ActiveCfg = Release|Any CPU
		{D1963A68-8848-4B70-9141-3EBB4CB6AF34}.Release|Any CPU.Build.0 = Release|Any CPU
		{2674E3DB-032C-4804-9F84-A715C490D10B}.Debug|Any CPU.ActiveCfg = Debug|Any CPU
		{2674E3DB-032C-4804-9F84-A715C490D10B}.Debug|Any CPU.Build.0 = Debug|Any CPU
		{2674E3DB-032C-4804-9F84-A715C490D10B}.Release|Any CPU.ActiveCfg = Release|Any CPU
		{2674E3DB-032C-4804-9F84-A715C490D10B}.Release|Any CPU.Build.0 = Release|Any CPU
		{72B5500A-624D-4590-8C85-4318EFB57D76}.Debug|Any CPU.ActiveCfg = Debug|Any CPU
		{72B5500A-624D-4590-8C85-4318EFB57D76}.Debug|Any CPU.Build.0 = Debug|Any CPU
		{72B5500A-624D-4590-8C85-4318EFB57D76}.Release|Any CPU.ActiveCfg = Release|Any CPU
		{72B5500A-624D-4590-8C85-4318EFB57D76}.Release|Any CPU.Build.0 = Release|Any CPU
		{8CE6D122-788B-47C3-8749-15FD584C26F6}.Debug|Any CPU.ActiveCfg = Debug|Any CPU
		{8CE6D122-788B-47C3-8749-15FD584C26F6}.Debug|Any CPU.Build.0 = Debug|Any CPU
		{8CE6D122-788B-47C3-8749-15FD584C26F6}.Release|Any CPU.ActiveCfg = Release|Any CPU
		{8CE6D122-788B-47C3-8749-15FD584C26F6}.Release|Any CPU.Build.0 = Release|Any CPU
		{539229BC-D68C-4FF0-84BC-904A90ECEBE0}.Debug|Any CPU.ActiveCfg = Debug|Any CPU
		{539229BC-D68C-4FF0-84BC-904A90ECEBE0}.Debug|Any CPU.Build.0 = Debug|Any CPU
		{539229BC-D68C-4FF0-84BC-904A90ECEBE0}.Release|Any CPU.ActiveCfg = Release|Any CPU
		{539229BC-D68C-4FF0-84BC-904A90ECEBE0}.Release|Any CPU.Build.0 = Release|Any CPU
		{F040C06B-0A02-4A06-B5E3-25C844E74B91}.Debug|Any CPU.ActiveCfg = Debug|Any CPU
		{F040C06B-0A02-4A06-B5E3-25C844E74B91}.Debug|Any CPU.Build.0 = Debug|Any CPU
		{F040C06B-0A02-4A06-B5E3-25C844E74B91}.Release|Any CPU.ActiveCfg = Release|Any CPU
		{F040C06B-0A02-4A06-B5E3-25C844E74B91}.Release|Any CPU.Build.0 = Release|Any CPU
		{A7CD452F-E850-4AA4-8F6B-FC313E8488B3}.Debug|Any CPU.ActiveCfg = Debug|Any CPU
		{A7CD452F-E850-4AA4-8F6B-FC313E8488B3}.Debug|Any CPU.Build.0 = Debug|Any CPU
		{A7CD452F-E850-4AA4-8F6B-FC313E8488B3}.Release|Any CPU.ActiveCfg = Release|Any CPU
		{A7CD452F-E850-4AA4-8F6B-FC313E8488B3}.Release|Any CPU.Build.0 = Release|Any CPU
	EndGlobalSection
	GlobalSection(SolutionProperties) = preSolution
		HideSolutionNode = FALSE
	EndGlobalSection
	GlobalSection(NestedProjects) = preSolution
		{D4354D92-07CF-4F27-BD68-69347CF5AA3F} = {3EF8B5DA-35BB-4065-973B-999D5BE90B1F}
		{995CFA14-7F81-457D-BEB4-52FB5712A3BB} = {BAC0CE2F-5E18-46BA-A2E5-5C26B3EE5D82}
		{D1963A68-8848-4B70-9141-3EBB4CB6AF34} = {BAC0CE2F-5E18-46BA-A2E5-5C26B3EE5D82}
		{72B5500A-624D-4590-8C85-4318EFB57D76} = {2138CACD-C4F2-4AB7-A0A4-F7FF269270D9}
		{8CE6D122-788B-47C3-8749-15FD584C26F6} = {2138CACD-C4F2-4AB7-A0A4-F7FF269270D9}
		{539229BC-D68C-4FF0-84BC-904A90ECEBE0} = {2138CACD-C4F2-4AB7-A0A4-F7FF269270D9}
		{F040C06B-0A02-4A06-B5E3-25C844E74B91} = {3EF8B5DA-35BB-4065-973B-999D5BE90B1F}
		{A7CD452F-E850-4AA4-8F6B-FC313E8488B3} = {3EF8B5DA-35BB-4065-973B-999D5BE90B1F}
	EndGlobalSection
EndGlobal
