
Microsoft Visual Studio Solution File, Format Version 12.00
# Visual Studio 2013
VisualStudioVersion = 12.0.21005.1
MinimumVisualStudioVersion = 10.0.40219.1
Project("{FAE04EC0-301F-11D3-BF4B-00C04F79EFBC}") = "Portable.Core", "Core\Portable.Core.csproj", "{D4354D92-07CF-4F27-BD68-69347CF5AA3F}"
EndProject
Project("{FAE04EC0-301F-11D3-BF4B-00C04F79EFBC}") = "Portable.Math", "Math\Portable.Math.csproj", "{D99E9BD6-3DB6-445B-BF5A-FD9830BFB4FA}"
EndProject
Project("{FAE04EC0-301F-11D3-BF4B-00C04F79EFBC}") = "Portable.Genetic", "Genetic\Portable.Genetic.csproj", "{3D4BC1CD-65E2-4129-8751-547727EE1D51}"
EndProject
Project("{FAE04EC0-301F-11D3-BF4B-00C04F79EFBC}") = "Portable.Fuzzy", "Fuzzy\Portable.Fuzzy.csproj", "{6AA33280-C446-4363-9A19-73472F520EB5}"
EndProject
Project("{FAE04EC0-301F-11D3-BF4B-00C04F79EFBC}") = "Portable.Neuro", "Neuro\Portable.Neuro.csproj", "{E37EBFAF-5DC0-415C-9C1A-8A5A808A3DDF}"
EndProject
Project("{FAE04EC0-301F-11D3-BF4B-00C04F79EFBC}") = "Portable.MachineLearning", "MachineLearning\Portable.MachineLearning.csproj", "{BA19A864-936C-487D-97DF-87E3AC66795F}"
EndProject
Project("{FAE04EC0-301F-11D3-BF4B-00C04F79EFBC}") = "Store.System.Drawing", "Portable.System.Drawing\Store.System.Drawing.csproj", "{783455B4-315F-4448-BEB1-E8BCDD619462}"
EndProject
Project("{FAE04EC0-301F-11D3-BF4B-00C04F79EFBC}") = "Store.Imaging", "Imaging\Store.Imaging.csproj", "{6A6B3A73-60A9-44CE-8617-56B7F7227A6B}"
EndProject
Project("{FAE04EC0-301F-11D3-BF4B-00C04F79EFBC}") = "Store.Imaging.Formats", "Imaging.Formats\Store.Imaging.Formats.csproj", "{9402373F-F755-47A7-8630-338861298A0D}"
EndProject
Project("{FAE04EC0-301F-11D3-BF4B-00C04F79EFBC}") = "Store.Vision", "Vision\Store.Vision.csproj", "{6CE73886-9BF1-45A0-B4BB-C588958DAA67}"
EndProject
Global
	GlobalSection(SolutionConfigurationPlatforms) = preSolution
		Debug Complete|Any CPU = Debug Complete|Any CPU
		Debug Complete|ARM = Debug Complete|ARM
		Debug Complete|x64 = Debug Complete|x64
		Debug Complete|x86 = Debug Complete|x86
		Debug|Any CPU = Debug|Any CPU
		Debug|ARM = Debug|ARM
		Debug|x64 = Debug|x64
		Debug|x86 = Debug|x86
		Release Complete|Any CPU = Release Complete|Any CPU
		Release Complete|ARM = Release Complete|ARM
		Release Complete|x64 = Release Complete|x64
		Release Complete|x86 = Release Complete|x86
		Release|Any CPU = Release|Any CPU
		Release|ARM = Release|ARM
		Release|x64 = Release|x64
		Release|x86 = Release|x86
	EndGlobalSection
	GlobalSection(ProjectConfigurationPlatforms) = postSolution
		{D4354D92-07CF-4F27-BD68-69347CF5AA3F}.Debug Complete|Any CPU.ActiveCfg = Debug|Any CPU
		{D4354D92-07CF-4F27-BD68-69347CF5AA3F}.Debug Complete|Any CPU.Build.0 = Debug|Any CPU
		{D4354D92-07CF-4F27-BD68-69347CF5AA3F}.Debug Complete|ARM.ActiveCfg = Debug|Any CPU
		{D4354D92-07CF-4F27-BD68-69347CF5AA3F}.Debug Complete|x64.ActiveCfg = Debug|Any CPU
		{D4354D92-07CF-4F27-BD68-69347CF5AA3F}.Debug Complete|x86.ActiveCfg = Debug|Any CPU
		{D4354D92-07CF-4F27-BD68-69347CF5AA3F}.Debug|Any CPU.ActiveCfg = Debug|Any CPU
		{D4354D92-07CF-4F27-BD68-69347CF5AA3F}.Debug|Any CPU.Build.0 = Debug|Any CPU
		{D4354D92-07CF-4F27-BD68-69347CF5AA3F}.Debug|ARM.ActiveCfg = Debug|Any CPU
		{D4354D92-07CF-4F27-BD68-69347CF5AA3F}.Debug|x64.ActiveCfg = Debug|Any CPU
		{D4354D92-07CF-4F27-BD68-69347CF5AA3F}.Debug|x86.ActiveCfg = Debug|Any CPU
		{D4354D92-07CF-4F27-BD68-69347CF5AA3F}.Release Complete|Any CPU.ActiveCfg = Release|Any CPU
		{D4354D92-07CF-4F27-BD68-69347CF5AA3F}.Release Complete|Any CPU.Build.0 = Release|Any CPU
		{D4354D92-07CF-4F27-BD68-69347CF5AA3F}.Release Complete|ARM.ActiveCfg = Release|Any CPU
		{D4354D92-07CF-4F27-BD68-69347CF5AA3F}.Release Complete|x64.ActiveCfg = Release|Any CPU
		{D4354D92-07CF-4F27-BD68-69347CF5AA3F}.Release Complete|x86.ActiveCfg = Release|Any CPU
		{D4354D92-07CF-4F27-BD68-69347CF5AA3F}.Release|Any CPU.ActiveCfg = Release|Any CPU
		{D4354D92-07CF-4F27-BD68-69347CF5AA3F}.Release|Any CPU.Build.0 = Release|Any CPU
		{D4354D92-07CF-4F27-BD68-69347CF5AA3F}.Release|ARM.ActiveCfg = Release|Any CPU
		{D4354D92-07CF-4F27-BD68-69347CF5AA3F}.Release|x64.ActiveCfg = Release|Any CPU
		{D4354D92-07CF-4F27-BD68-69347CF5AA3F}.Release|x86.ActiveCfg = Release|Any CPU
		{D99E9BD6-3DB6-445B-BF5A-FD9830BFB4FA}.Debug Complete|Any CPU.ActiveCfg = Debug|Any CPU
		{D99E9BD6-3DB6-445B-BF5A-FD9830BFB4FA}.Debug Complete|Any CPU.Build.0 = Debug|Any CPU
		{D99E9BD6-3DB6-445B-BF5A-FD9830BFB4FA}.Debug Complete|ARM.ActiveCfg = Debug|Any CPU
		{D99E9BD6-3DB6-445B-BF5A-FD9830BFB4FA}.Debug Complete|x64.ActiveCfg = Debug|Any CPU
		{D99E9BD6-3DB6-445B-BF5A-FD9830BFB4FA}.Debug Complete|x86.ActiveCfg = Debug|Any CPU
		{D99E9BD6-3DB6-445B-BF5A-FD9830BFB4FA}.Debug|Any CPU.ActiveCfg = Debug|Any CPU
		{D99E9BD6-3DB6-445B-BF5A-FD9830BFB4FA}.Debug|Any CPU.Build.0 = Debug|Any CPU
		{D99E9BD6-3DB6-445B-BF5A-FD9830BFB4FA}.Debug|ARM.ActiveCfg = Debug|Any CPU
		{D99E9BD6-3DB6-445B-BF5A-FD9830BFB4FA}.Debug|x64.ActiveCfg = Debug|Any CPU
		{D99E9BD6-3DB6-445B-BF5A-FD9830BFB4FA}.Debug|x86.ActiveCfg = Debug|Any CPU
		{D99E9BD6-3DB6-445B-BF5A-FD9830BFB4FA}.Release Complete|Any CPU.ActiveCfg = Release|Any CPU
		{D99E9BD6-3DB6-445B-BF5A-FD9830BFB4FA}.Release Complete|Any CPU.Build.0 = Release|Any CPU
		{D99E9BD6-3DB6-445B-BF5A-FD9830BFB4FA}.Release Complete|ARM.ActiveCfg = Release|Any CPU
		{D99E9BD6-3DB6-445B-BF5A-FD9830BFB4FA}.Release Complete|x64.ActiveCfg = Release|Any CPU
		{D99E9BD6-3DB6-445B-BF5A-FD9830BFB4FA}.Release Complete|x86.ActiveCfg = Release|Any CPU
		{D99E9BD6-3DB6-445B-BF5A-FD9830BFB4FA}.Release|Any CPU.ActiveCfg = Release|Any CPU
		{D99E9BD6-3DB6-445B-BF5A-FD9830BFB4FA}.Release|Any CPU.Build.0 = Release|Any CPU
		{D99E9BD6-3DB6-445B-BF5A-FD9830BFB4FA}.Release|ARM.ActiveCfg = Release|Any CPU
		{D99E9BD6-3DB6-445B-BF5A-FD9830BFB4FA}.Release|x64.ActiveCfg = Release|Any CPU
		{D99E9BD6-3DB6-445B-BF5A-FD9830BFB4FA}.Release|x86.ActiveCfg = Release|Any CPU
		{3D4BC1CD-65E2-4129-8751-547727EE1D51}.Debug Complete|Any CPU.ActiveCfg = Debug|Any CPU
		{3D4BC1CD-65E2-4129-8751-547727EE1D51}.Debug Complete|Any CPU.Build.0 = Debug|Any CPU
		{3D4BC1CD-65E2-4129-8751-547727EE1D51}.Debug Complete|ARM.ActiveCfg = Debug|Any CPU
		{3D4BC1CD-65E2-4129-8751-547727EE1D51}.Debug Complete|x64.ActiveCfg = Debug|Any CPU
		{3D4BC1CD-65E2-4129-8751-547727EE1D51}.Debug Complete|x86.ActiveCfg = Debug|Any CPU
		{3D4BC1CD-65E2-4129-8751-547727EE1D51}.Debug|Any CPU.ActiveCfg = Debug|Any CPU
		{3D4BC1CD-65E2-4129-8751-547727EE1D51}.Debug|Any CPU.Build.0 = Debug|Any CPU
		{3D4BC1CD-65E2-4129-8751-547727EE1D51}.Debug|ARM.ActiveCfg = Debug|Any CPU
		{3D4BC1CD-65E2-4129-8751-547727EE1D51}.Debug|x64.ActiveCfg = Debug|Any CPU
		{3D4BC1CD-65E2-4129-8751-547727EE1D51}.Debug|x86.ActiveCfg = Debug|Any CPU
		{3D4BC1CD-65E2-4129-8751-547727EE1D51}.Release Complete|Any CPU.ActiveCfg = Release|Any CPU
		{3D4BC1CD-65E2-4129-8751-547727EE1D51}.Release Complete|Any CPU.Build.0 = Release|Any CPU
		{3D4BC1CD-65E2-4129-8751-547727EE1D51}.Release Complete|ARM.ActiveCfg = Release|Any CPU
		{3D4BC1CD-65E2-4129-8751-547727EE1D51}.Release Complete|x64.ActiveCfg = Release|Any CPU
		{3D4BC1CD-65E2-4129-8751-547727EE1D51}.Release Complete|x86.ActiveCfg = Release|Any CPU
		{3D4BC1CD-65E2-4129-8751-547727EE1D51}.Release|Any CPU.ActiveCfg = Release|Any CPU
		{3D4BC1CD-65E2-4129-8751-547727EE1D51}.Release|Any CPU.Build.0 = Release|Any CPU
		{3D4BC1CD-65E2-4129-8751-547727EE1D51}.Release|ARM.ActiveCfg = Release|Any CPU
		{3D4BC1CD-65E2-4129-8751-547727EE1D51}.Release|x64.ActiveCfg = Release|Any CPU
		{3D4BC1CD-65E2-4129-8751-547727EE1D51}.Release|x86.ActiveCfg = Release|Any CPU
		{6AA33280-C446-4363-9A19-73472F520EB5}.Debug Complete|Any CPU.ActiveCfg = Debug|Any CPU
		{6AA33280-C446-4363-9A19-73472F520EB5}.Debug Complete|Any CPU.Build.0 = Debug|Any CPU
		{6AA33280-C446-4363-9A19-73472F520EB5}.Debug Complete|ARM.ActiveCfg = Debug|Any CPU
		{6AA33280-C446-4363-9A19-73472F520EB5}.Debug Complete|x64.ActiveCfg = Debug|Any CPU
		{6AA33280-C446-4363-9A19-73472F520EB5}.Debug Complete|x86.ActiveCfg = Debug|Any CPU
		{6AA33280-C446-4363-9A19-73472F520EB5}.Debug|Any CPU.ActiveCfg = Debug|Any CPU
		{6AA33280-C446-4363-9A19-73472F520EB5}.Debug|Any CPU.Build.0 = Debug|Any CPU
		{6AA33280-C446-4363-9A19-73472F520EB5}.Debug|ARM.ActiveCfg = Debug|Any CPU
		{6AA33280-C446-4363-9A19-73472F520EB5}.Debug|x64.ActiveCfg = Debug|Any CPU
		{6AA33280-C446-4363-9A19-73472F520EB5}.Debug|x86.ActiveCfg = Debug|Any CPU
		{6AA33280-C446-4363-9A19-73472F520EB5}.Release Complete|Any CPU.ActiveCfg = Release|Any CPU
		{6AA33280-C446-4363-9A19-73472F520EB5}.Release Complete|Any CPU.Build.0 = Release|Any CPU
		{6AA33280-C446-4363-9A19-73472F520EB5}.Release Complete|ARM.ActiveCfg = Release|Any CPU
		{6AA33280-C446-4363-9A19-73472F520EB5}.Release Complete|x64.ActiveCfg = Release|Any CPU
		{6AA33280-C446-4363-9A19-73472F520EB5}.Release Complete|x86.ActiveCfg = Release|Any CPU
		{6AA33280-C446-4363-9A19-73472F520EB5}.Release|Any CPU.ActiveCfg = Release|Any CPU
		{6AA33280-C446-4363-9A19-73472F520EB5}.Release|Any CPU.Build.0 = Release|Any CPU
		{6AA33280-C446-4363-9A19-73472F520EB5}.Release|ARM.ActiveCfg = Release|Any CPU
		{6AA33280-C446-4363-9A19-73472F520EB5}.Release|x64.ActiveCfg = Release|Any CPU
		{6AA33280-C446-4363-9A19-73472F520EB5}.Release|x86.ActiveCfg = Release|Any CPU
		{E37EBFAF-5DC0-415C-9C1A-8A5A808A3DDF}.Debug Complete|Any CPU.ActiveCfg = Debug|Any CPU
		{E37EBFAF-5DC0-415C-9C1A-8A5A808A3DDF}.Debug Complete|Any CPU.Build.0 = Debug|Any CPU
		{E37EBFAF-5DC0-415C-9C1A-8A5A808A3DDF}.Debug Complete|ARM.ActiveCfg = Debug|Any CPU
		{E37EBFAF-5DC0-415C-9C1A-8A5A808A3DDF}.Debug Complete|x64.ActiveCfg = Debug|Any CPU
		{E37EBFAF-5DC0-415C-9C1A-8A5A808A3DDF}.Debug Complete|x86.ActiveCfg = Debug|Any CPU
		{E37EBFAF-5DC0-415C-9C1A-8A5A808A3DDF}.Debug|Any CPU.ActiveCfg = Debug|Any CPU
		{E37EBFAF-5DC0-415C-9C1A-8A5A808A3DDF}.Debug|Any CPU.Build.0 = Debug|Any CPU
		{E37EBFAF-5DC0-415C-9C1A-8A5A808A3DDF}.Debug|ARM.ActiveCfg = Debug|Any CPU
		{E37EBFAF-5DC0-415C-9C1A-8A5A808A3DDF}.Debug|x64.ActiveCfg = Debug|Any CPU
		{E37EBFAF-5DC0-415C-9C1A-8A5A808A3DDF}.Debug|x86.ActiveCfg = Debug|Any CPU
		{E37EBFAF-5DC0-415C-9C1A-8A5A808A3DDF}.Release Complete|Any CPU.ActiveCfg = Release|Any CPU
		{E37EBFAF-5DC0-415C-9C1A-8A5A808A3DDF}.Release Complete|Any CPU.Build.0 = Release|Any CPU
		{E37EBFAF-5DC0-415C-9C1A-8A5A808A3DDF}.Release Complete|ARM.ActiveCfg = Release|Any CPU
		{E37EBFAF-5DC0-415C-9C1A-8A5A808A3DDF}.Release Complete|x64.ActiveCfg = Release|Any CPU
		{E37EBFAF-5DC0-415C-9C1A-8A5A808A3DDF}.Release Complete|x86.ActiveCfg = Release|Any CPU
		{E37EBFAF-5DC0-415C-9C1A-8A5A808A3DDF}.Release|Any CPU.ActiveCfg = Release|Any CPU
		{E37EBFAF-5DC0-415C-9C1A-8A5A808A3DDF}.Release|Any CPU.Build.0 = Release|Any CPU
		{E37EBFAF-5DC0-415C-9C1A-8A5A808A3DDF}.Release|ARM.ActiveCfg = Release|Any CPU
		{E37EBFAF-5DC0-415C-9C1A-8A5A808A3DDF}.Release|x64.ActiveCfg = Release|Any CPU
		{E37EBFAF-5DC0-415C-9C1A-8A5A808A3DDF}.Release|x86.ActiveCfg = Release|Any CPU
		{BA19A864-936C-487D-97DF-87E3AC66795F}.Debug Complete|Any CPU.ActiveCfg = Debug|Any CPU
		{BA19A864-936C-487D-97DF-87E3AC66795F}.Debug Complete|Any CPU.Build.0 = Debug|Any CPU
		{BA19A864-936C-487D-97DF-87E3AC66795F}.Debug Complete|ARM.ActiveCfg = Debug|Any CPU
		{BA19A864-936C-487D-97DF-87E3AC66795F}.Debug Complete|x64.ActiveCfg = Debug|Any CPU
		{BA19A864-936C-487D-97DF-87E3AC66795F}.Debug Complete|x86.ActiveCfg = Debug|Any CPU
		{BA19A864-936C-487D-97DF-87E3AC66795F}.Debug|Any CPU.ActiveCfg = Debug|Any CPU
		{BA19A864-936C-487D-97DF-87E3AC66795F}.Debug|Any CPU.Build.0 = Debug|Any CPU
		{BA19A864-936C-487D-97DF-87E3AC66795F}.Debug|ARM.ActiveCfg = Debug|Any CPU
		{BA19A864-936C-487D-97DF-87E3AC66795F}.Debug|x64.ActiveCfg = Debug|Any CPU
		{BA19A864-936C-487D-97DF-87E3AC66795F}.Debug|x86.ActiveCfg = Debug|Any CPU
		{BA19A864-936C-487D-97DF-87E3AC66795F}.Release Complete|Any CPU.ActiveCfg = Release|Any CPU
		{BA19A864-936C-487D-97DF-87E3AC66795F}.Release Complete|Any CPU.Build.0 = Release|Any CPU
		{BA19A864-936C-487D-97DF-87E3AC66795F}.Release Complete|ARM.ActiveCfg = Release|Any CPU
		{BA19A864-936C-487D-97DF-87E3AC66795F}.Release Complete|x64.ActiveCfg = Release|Any CPU
		{BA19A864-936C-487D-97DF-87E3AC66795F}.Release Complete|x86.ActiveCfg = Release|Any CPU
		{BA19A864-936C-487D-97DF-87E3AC66795F}.Release|Any CPU.ActiveCfg = Release|Any CPU
		{BA19A864-936C-487D-97DF-87E3AC66795F}.Release|Any CPU.Build.0 = Release|Any CPU
		{BA19A864-936C-487D-97DF-87E3AC66795F}.Release|ARM.ActiveCfg = Release|Any CPU
		{BA19A864-936C-487D-97DF-87E3AC66795F}.Release|x64.ActiveCfg = Release|Any CPU
		{BA19A864-936C-487D-97DF-87E3AC66795F}.Release|x86.ActiveCfg = Release|Any CPU
		{783455B4-315F-4448-BEB1-E8BCDD619462}.Debug Complete|Any CPU.ActiveCfg = Debug|Any CPU
		{783455B4-315F-4448-BEB1-E8BCDD619462}.Debug Complete|Any CPU.Build.0 = Debug|Any CPU
		{783455B4-315F-4448-BEB1-E8BCDD619462}.Debug Complete|ARM.ActiveCfg = Debug|ARM
		{783455B4-315F-4448-BEB1-E8BCDD619462}.Debug Complete|ARM.Build.0 = Debug|ARM
		{783455B4-315F-4448-BEB1-E8BCDD619462}.Debug Complete|x64.ActiveCfg = Debug|x64
		{783455B4-315F-4448-BEB1-E8BCDD619462}.Debug Complete|x64.Build.0 = Debug|x64
		{783455B4-315F-4448-BEB1-E8BCDD619462}.Debug Complete|x86.ActiveCfg = Debug|x86
		{783455B4-315F-4448-BEB1-E8BCDD619462}.Debug Complete|x86.Build.0 = Debug|x86
		{783455B4-315F-4448-BEB1-E8BCDD619462}.Debug|Any CPU.ActiveCfg = Debug|Any CPU
		{783455B4-315F-4448-BEB1-E8BCDD619462}.Debug|Any CPU.Build.0 = Debug|Any CPU
		{783455B4-315F-4448-BEB1-E8BCDD619462}.Debug|ARM.ActiveCfg = Debug|ARM
		{783455B4-315F-4448-BEB1-E8BCDD619462}.Debug|ARM.Build.0 = Debug|ARM
		{783455B4-315F-4448-BEB1-E8BCDD619462}.Debug|x64.ActiveCfg = Debug|x64
		{783455B4-315F-4448-BEB1-E8BCDD619462}.Debug|x64.Build.0 = Debug|x64
		{783455B4-315F-4448-BEB1-E8BCDD619462}.Debug|x86.ActiveCfg = Debug|x86
		{783455B4-315F-4448-BEB1-E8BCDD619462}.Debug|x86.Build.0 = Debug|x86
		{783455B4-315F-4448-BEB1-E8BCDD619462}.Release Complete|Any CPU.ActiveCfg = Release|Any CPU
		{783455B4-315F-4448-BEB1-E8BCDD619462}.Release Complete|Any CPU.Build.0 = Release|Any CPU
		{783455B4-315F-4448-BEB1-E8BCDD619462}.Release Complete|ARM.ActiveCfg = Release|ARM
		{783455B4-315F-4448-BEB1-E8BCDD619462}.Release Complete|ARM.Build.0 = Release|ARM
		{783455B4-315F-4448-BEB1-E8BCDD619462}.Release Complete|x64.ActiveCfg = Release|x64
		{783455B4-315F-4448-BEB1-E8BCDD619462}.Release Complete|x64.Build.0 = Release|x64
		{783455B4-315F-4448-BEB1-E8BCDD619462}.Release Complete|x86.ActiveCfg = Release|x86
		{783455B4-315F-4448-BEB1-E8BCDD619462}.Release Complete|x86.Build.0 = Release|x86
		{783455B4-315F-4448-BEB1-E8BCDD619462}.Release|Any CPU.ActiveCfg = Release|Any CPU
		{783455B4-315F-4448-BEB1-E8BCDD619462}.Release|Any CPU.Build.0 = Release|Any CPU
		{783455B4-315F-4448-BEB1-E8BCDD619462}.Release|ARM.ActiveCfg = Release|ARM
		{783455B4-315F-4448-BEB1-E8BCDD619462}.Release|ARM.Build.0 = Release|ARM
		{783455B4-315F-4448-BEB1-E8BCDD619462}.Release|x64.ActiveCfg = Release|x64
		{783455B4-315F-4448-BEB1-E8BCDD619462}.Release|x64.Build.0 = Release|x64
		{783455B4-315F-4448-BEB1-E8BCDD619462}.Release|x86.ActiveCfg = Release|x86
		{783455B4-315F-4448-BEB1-E8BCDD619462}.Release|x86.Build.0 = Release|x86
		{6A6B3A73-60A9-44CE-8617-56B7F7227A6B}.Debug Complete|Any CPU.ActiveCfg = Debug|Any CPU
		{6A6B3A73-60A9-44CE-8617-56B7F7227A6B}.Debug Complete|Any CPU.Build.0 = Debug|Any CPU
		{6A6B3A73-60A9-44CE-8617-56B7F7227A6B}.Debug Complete|ARM.ActiveCfg = Debug|ARM
		{6A6B3A73-60A9-44CE-8617-56B7F7227A6B}.Debug Complete|ARM.Build.0 = Debug|ARM
		{6A6B3A73-60A9-44CE-8617-56B7F7227A6B}.Debug Complete|x64.ActiveCfg = Debug|x64
		{6A6B3A73-60A9-44CE-8617-56B7F7227A6B}.Debug Complete|x64.Build.0 = Debug|x64
		{6A6B3A73-60A9-44CE-8617-56B7F7227A6B}.Debug Complete|x86.ActiveCfg = Debug|x86
		{6A6B3A73-60A9-44CE-8617-56B7F7227A6B}.Debug Complete|x86.Build.0 = Debug|x86
		{6A6B3A73-60A9-44CE-8617-56B7F7227A6B}.Debug|Any CPU.ActiveCfg = Debug|Any CPU
		{6A6B3A73-60A9-44CE-8617-56B7F7227A6B}.Debug|Any CPU.Build.0 = Debug|Any CPU
		{6A6B3A73-60A9-44CE-8617-56B7F7227A6B}.Debug|ARM.ActiveCfg = Debug|ARM
		{6A6B3A73-60A9-44CE-8617-56B7F7227A6B}.Debug|ARM.Build.0 = Debug|ARM
		{6A6B3A73-60A9-44CE-8617-56B7F7227A6B}.Debug|x64.ActiveCfg = Debug|x64
		{6A6B3A73-60A9-44CE-8617-56B7F7227A6B}.Debug|x64.Build.0 = Debug|x64
		{6A6B3A73-60A9-44CE-8617-56B7F7227A6B}.Debug|x86.ActiveCfg = Debug|x86
		{6A6B3A73-60A9-44CE-8617-56B7F7227A6B}.Debug|x86.Build.0 = Debug|x86
		{6A6B3A73-60A9-44CE-8617-56B7F7227A6B}.Release Complete|Any CPU.ActiveCfg = Release|Any CPU
		{6A6B3A73-60A9-44CE-8617-56B7F7227A6B}.Release Complete|Any CPU.Build.0 = Release|Any CPU
		{6A6B3A73-60A9-44CE-8617-56B7F7227A6B}.Release Complete|ARM.ActiveCfg = Release|ARM
		{6A6B3A73-60A9-44CE-8617-56B7F7227A6B}.Release Complete|ARM.Build.0 = Release|ARM
		{6A6B3A73-60A9-44CE-8617-56B7F7227A6B}.Release Complete|x64.ActiveCfg = Release|x64
		{6A6B3A73-60A9-44CE-8617-56B7F7227A6B}.Release Complete|x64.Build.0 = Release|x64
		{6A6B3A73-60A9-44CE-8617-56B7F7227A6B}.Release Complete|x86.ActiveCfg = Release|x86
		{6A6B3A73-60A9-44CE-8617-56B7F7227A6B}.Release Complete|x86.Build.0 = Release|x86
		{6A6B3A73-60A9-44CE-8617-56B7F7227A6B}.Release|Any CPU.ActiveCfg = Release|Any CPU
		{6A6B3A73-60A9-44CE-8617-56B7F7227A6B}.Release|Any CPU.Build.0 = Release|Any CPU
		{6A6B3A73-60A9-44CE-8617-56B7F7227A6B}.Release|ARM.ActiveCfg = Release|ARM
		{6A6B3A73-60A9-44CE-8617-56B7F7227A6B}.Release|ARM.Build.0 = Release|ARM
		{6A6B3A73-60A9-44CE-8617-56B7F7227A6B}.Release|x64.ActiveCfg = Release|x64
		{6A6B3A73-60A9-44CE-8617-56B7F7227A6B}.Release|x64.Build.0 = Release|x64
		{6A6B3A73-60A9-44CE-8617-56B7F7227A6B}.Release|x86.ActiveCfg = Release|x86
		{6A6B3A73-60A9-44CE-8617-56B7F7227A6B}.Release|x86.Build.0 = Release|x86
		{9402373F-F755-47A7-8630-338861298A0D}.Debug Complete|Any CPU.ActiveCfg = Debug|Any CPU
		{9402373F-F755-47A7-8630-338861298A0D}.Debug Complete|Any CPU.Build.0 = Debug|Any CPU
		{9402373F-F755-47A7-8630-338861298A0D}.Debug Complete|ARM.ActiveCfg = Debug|ARM
		{9402373F-F755-47A7-8630-338861298A0D}.Debug Complete|ARM.Build.0 = Debug|ARM
		{9402373F-F755-47A7-8630-338861298A0D}.Debug Complete|x64.ActiveCfg = Debug|x64
		{9402373F-F755-47A7-8630-338861298A0D}.Debug Complete|x64.Build.0 = Debug|x64
		{9402373F-F755-47A7-8630-338861298A0D}.Debug Complete|x86.ActiveCfg = Debug|x86
		{9402373F-F755-47A7-8630-338861298A0D}.Debug Complete|x86.Build.0 = Debug|x86
		{9402373F-F755-47A7-8630-338861298A0D}.Debug|Any CPU.ActiveCfg = Debug|Any CPU
		{9402373F-F755-47A7-8630-338861298A0D}.Debug|Any CPU.Build.0 = Debug|Any CPU
		{9402373F-F755-47A7-8630-338861298A0D}.Debug|ARM.ActiveCfg = Debug|ARM
		{9402373F-F755-47A7-8630-338861298A0D}.Debug|ARM.Build.0 = Debug|ARM
		{9402373F-F755-47A7-8630-338861298A0D}.Debug|x64.ActiveCfg = Debug|x64
		{9402373F-F755-47A7-8630-338861298A0D}.Debug|x64.Build.0 = Debug|x64
		{9402373F-F755-47A7-8630-338861298A0D}.Debug|x86.ActiveCfg = Debug|x86
		{9402373F-F755-47A7-8630-338861298A0D}.Debug|x86.Build.0 = Debug|x86
		{9402373F-F755-47A7-8630-338861298A0D}.Release Complete|Any CPU.ActiveCfg = Release|Any CPU
		{9402373F-F755-47A7-8630-338861298A0D}.Release Complete|Any CPU.Build.0 = Release|Any CPU
		{9402373F-F755-47A7-8630-338861298A0D}.Release Complete|ARM.ActiveCfg = Release|ARM
		{9402373F-F755-47A7-8630-338861298A0D}.Release Complete|ARM.Build.0 = Release|ARM
		{9402373F-F755-47A7-8630-338861298A0D}.Release Complete|x64.ActiveCfg = Release|x64
		{9402373F-F755-47A7-8630-338861298A0D}.Release Complete|x64.Build.0 = Release|x64
		{9402373F-F755-47A7-8630-338861298A0D}.Release Complete|x86.ActiveCfg = Release|x86
		{9402373F-F755-47A7-8630-338861298A0D}.Release Complete|x86.Build.0 = Release|x86
		{9402373F-F755-47A7-8630-338861298A0D}.Release|Any CPU.ActiveCfg = Release|Any CPU
		{9402373F-F755-47A7-8630-338861298A0D}.Release|Any CPU.Build.0 = Release|Any CPU
		{9402373F-F755-47A7-8630-338861298A0D}.Release|ARM.ActiveCfg = Release|ARM
		{9402373F-F755-47A7-8630-338861298A0D}.Release|ARM.Build.0 = Release|ARM
		{9402373F-F755-47A7-8630-338861298A0D}.Release|x64.ActiveCfg = Release|x64
		{9402373F-F755-47A7-8630-338861298A0D}.Release|x64.Build.0 = Release|x64
		{9402373F-F755-47A7-8630-338861298A0D}.Release|x86.ActiveCfg = Release|x86
		{9402373F-F755-47A7-8630-338861298A0D}.Release|x86.Build.0 = Release|x86
		{6CE73886-9BF1-45A0-B4BB-C588958DAA67}.Debug Complete|Any CPU.ActiveCfg = Debug|Any CPU
		{6CE73886-9BF1-45A0-B4BB-C588958DAA67}.Debug Complete|Any CPU.Build.0 = Debug|Any CPU
		{6CE73886-9BF1-45A0-B4BB-C588958DAA67}.Debug Complete|ARM.ActiveCfg = Debug|ARM
		{6CE73886-9BF1-45A0-B4BB-C588958DAA67}.Debug Complete|ARM.Build.0 = Debug|ARM
		{6CE73886-9BF1-45A0-B4BB-C588958DAA67}.Debug Complete|x64.ActiveCfg = Debug|x64
		{6CE73886-9BF1-45A0-B4BB-C588958DAA67}.Debug Complete|x64.Build.0 = Debug|x64
		{6CE73886-9BF1-45A0-B4BB-C588958DAA67}.Debug Complete|x86.ActiveCfg = Debug|x86
		{6CE73886-9BF1-45A0-B4BB-C588958DAA67}.Debug Complete|x86.Build.0 = Debug|x86
		{6CE73886-9BF1-45A0-B4BB-C588958DAA67}.Debug|Any CPU.ActiveCfg = Debug|Any CPU
		{6CE73886-9BF1-45A0-B4BB-C588958DAA67}.Debug|Any CPU.Build.0 = Debug|Any CPU
		{6CE73886-9BF1-45A0-B4BB-C588958DAA67}.Debug|ARM.ActiveCfg = Debug|ARM
		{6CE73886-9BF1-45A0-B4BB-C588958DAA67}.Debug|ARM.Build.0 = Debug|ARM
		{6CE73886-9BF1-45A0-B4BB-C588958DAA67}.Debug|x64.ActiveCfg = Debug|x64
		{6CE73886-9BF1-45A0-B4BB-C588958DAA67}.Debug|x64.Build.0 = Debug|x64
		{6CE73886-9BF1-45A0-B4BB-C588958DAA67}.Debug|x86.ActiveCfg = Debug|x86
		{6CE73886-9BF1-45A0-B4BB-C588958DAA67}.Debug|x86.Build.0 = Debug|x86
		{6CE73886-9BF1-45A0-B4BB-C588958DAA67}.Release Complete|Any CPU.ActiveCfg = Release|Any CPU
		{6CE73886-9BF1-45A0-B4BB-C588958DAA67}.Release Complete|Any CPU.Build.0 = Release|Any CPU
		{6CE73886-9BF1-45A0-B4BB-C588958DAA67}.Release Complete|ARM.ActiveCfg = Release|ARM
		{6CE73886-9BF1-45A0-B4BB-C588958DAA67}.Release Complete|ARM.Build.0 = Release|ARM
		{6CE73886-9BF1-45A0-B4BB-C588958DAA67}.Release Complete|x64.ActiveCfg = Release|x64
		{6CE73886-9BF1-45A0-B4BB-C588958DAA67}.Release Complete|x64.Build.0 = Release|x64
		{6CE73886-9BF1-45A0-B4BB-C588958DAA67}.Release Complete|x86.ActiveCfg = Release|x86
		{6CE73886-9BF1-45A0-B4BB-C588958DAA67}.Release Complete|x86.Build.0 = Release|x86
		{6CE73886-9BF1-45A0-B4BB-C588958DAA67}.Release|Any CPU.ActiveCfg = Release|Any CPU
		{6CE73886-9BF1-45A0-B4BB-C588958DAA67}.Release|Any CPU.Build.0 = Release|Any CPU
		{6CE73886-9BF1-45A0-B4BB-C588958DAA67}.Release|ARM.ActiveCfg = Release|ARM
		{6CE73886-9BF1-45A0-B4BB-C588958DAA67}.Release|ARM.Build.0 = Release|ARM
		{6CE73886-9BF1-45A0-B4BB-C588958DAA67}.Release|x64.ActiveCfg = Release|x64
		{6CE73886-9BF1-45A0-B4BB-C588958DAA67}.Release|x64.Build.0 = Release|x64
		{6CE73886-9BF1-45A0-B4BB-C588958DAA67}.Release|x86.ActiveCfg = Release|x86
		{6CE73886-9BF1-45A0-B4BB-C588958DAA67}.Release|x86.Build.0 = Release|x86
	EndGlobalSection
	GlobalSection(SolutionProperties) = preSolution
		HideSolutionNode = FALSE
	EndGlobalSection
EndGlobal
