Microsoft Visual Studio Solution File, Format Version 9.00
# Visual C# Express 2005
Project("{FAE04EC0-301F-11D3-BF4B-00C04F79EFBC}") = "Imaging", "Imaging.csproj", "{AF802E16-573E-4748-AE76-E2A4FDC74179}"
EndProject
Global
	GlobalSection(SolutionConfigurationPlatforms) = preSolution
		Debug|Any CPU = Debug|Any CPU
		Release|Any CPU = Release|Any CPU
	EndGlobalSection
	GlobalSection(ProjectConfigurationPlatforms) = postSolution
		{AF802E16-573E-4748-AE76-E2A4FDC74179}.Debug|Any CPU.ActiveCfg = Debug|Any CPU
		{AF802E16-573E-4748-AE76-E2A4FDC74179}.Debug|Any CPU.Build.0 = Debug|Any CPU
		{AF802E16-573E-4748-AE76-E2A4FDC74179}.Release|Any CPU.ActiveCfg = Release|Any CPU
		{AF802E16-573E-4748-AE76-E2A4FDC74179}.Release|Any CPU.Build.0 = Release|Any CPU
	EndGlobalSection
	GlobalSection(SolutionProperties) = preSolution
		HideSolutionNode = FALSE
	EndGlobalSection
EndGlobal
