Microsoft Visual Studio Solution File, Format Version 8.00
Project("{FAE04EC0-301F-11D3-BF4B-00C04F79EFBC}") = "Approximation", "Approximation.csproj", "{1A7BCB9F-5DD2-4C16-9969-88C31720865F}"
	ProjectSection(ProjectDependencies) = postProject
	EndProjectSection
EndProject
Global
	GlobalSection(SolutionConfiguration) = preSolution
		Debug = Debug
		Release = Release
	EndGlobalSection
	GlobalSection(ProjectConfiguration) = postSolution
		{1A7BCB9F-5DD2-4C16-9969-88C31720865F}.Debug.ActiveCfg = Debug|.NET
		{1A7BCB9F-5DD2-4C16-9969-88C31720865F}.Debug.Build.0 = Debug|.NET
		{1A7BCB9F-5DD2-4C16-9969-88C31720865F}.Release.ActiveCfg = Release|.NET
		{1A7BCB9F-5DD2-4C16-9969-88C31720865F}.Release.Build.0 = Release|.NET
	EndGlobalSection
	GlobalSection(ExtensibilityGlobals) = postSolution
	EndGlobalSection
	GlobalSection(ExtensibilityAddIns) = postSolution
	EndGlobalSection
EndGlobal
