Microsoft Visual Studio Solution File, Format Version 8.00
Project("{FAE04EC0-301F-11D3-BF4B-00C04F79EFBC}") = "Controls", "Controls.csproj", "{D08F6D8A-A5F5-49C3-B607-526D9EE0DEE3}"
	ProjectSection(ProjectDependencies) = postProject
	EndProjectSection
EndProject
Global
	GlobalSection(SolutionConfiguration) = preSolution
		Debug = Debug
		Release = Release
	EndGlobalSection
	GlobalSection(ProjectConfiguration) = postSolution
		{D08F6D8A-A5F5-49C3-B607-526D9EE0DEE3}.Debug.ActiveCfg = Debug|.NET
		{D08F6D8A-A5F5-49C3-B607-526D9EE0DEE3}.Debug.Build.0 = Debug|.NET
		{D08F6D8A-A5F5-49C3-B607-526D9EE0DEE3}.Release.ActiveCfg = Release|.NET
		{D08F6D8A-A5F5-49C3-B607-526D9EE0DEE3}.Release.Build.0 = Release|.NET
	EndGlobalSection
	GlobalSection(ExtensibilityGlobals) = postSolution
	EndGlobalSection
	GlobalSection(ExtensibilityAddIns) = postSolution
	EndGlobalSection
EndGlobal
