Microsoft Visual Studio Solution File, Format Version 8.00
Project("{FAE04EC0-301F-11D3-BF4B-00C04F79EFBC}") = "Classifier", "Classifier.csproj", "{765D49C5-D157-4482-9E42-CE93D83F9AD1}"
	ProjectSection(ProjectDependencies) = postProject
	EndProjectSection
EndProject
Global
	GlobalSection(SolutionConfiguration) = preSolution
		Debug = Debug
		Release = Release
	EndGlobalSection
	GlobalSection(ProjectConfiguration) = postSolution
		{765D49C5-D157-4482-9E42-CE93D83F9AD1}.Debug.ActiveCfg = Debug|.NET
		{765D49C5-D157-4482-9E42-CE93D83F9AD1}.Debug.Build.0 = Debug|.NET
		{765D49C5-D157-4482-9E42-CE93D83F9AD1}.Release.ActiveCfg = Release|.NET
		{765D49C5-D157-4482-9E42-CE93D83F9AD1}.Release.Build.0 = Release|.NET
	EndGlobalSection
	GlobalSection(ExtensibilityGlobals) = postSolution
	EndGlobalSection
	GlobalSection(ExtensibilityAddIns) = postSolution
	EndGlobalSection
EndGlobal
